// !$*UTF8*$!
{
	archiveVersion = 1;
	classes = {
	};
	objectVersion = 50;
	objects = {

/* Begin PBXBuildFile section */
		7F3892EF266DEE470069B632 /* DoctorsTabView.swift in Sources */ = {isa = PBXBuildFile; fileRef = 7F3892EE266DEE470069B632 /* DoctorsTabView.swift */; };
		7F847B2626695054002EFB16 /* DoctorsListApp.swift in Sources */ = {isa = PBXBuildFile; fileRef = 7F847B2526695054002EFB16 /* DoctorsListApp.swift */; };
		7F847B2826695054002EFB16 /* DoctorsView.swift in Sources */ = {isa = PBXBuildFile; fileRef = 7F847B2726695054002EFB16 /* DoctorsView.swift */; };
		7F847B2A2669505B002EFB16 /* Assets.xcassets in Resources */ = {isa = PBXBuildFile; fileRef = 7F847B292669505B002EFB16 /* Assets.xcassets */; };
		7F847B2D2669505B002EFB16 /* Preview Assets.xcassets in Resources */ = {isa = PBXBuildFile; fileRef = 7F847B2C2669505B002EFB16 /* Preview Assets.xcassets */; };
		7F847B3A2669510B002EFB16 /* doctors.json in Resources */ = {isa = PBXBuildFile; fileRef = 7F847B392669510B002EFB16 /* doctors.json */; };
		7F847B3D26695589002EFB16 /* DoctorsModel.swift in Sources */ = {isa = PBXBuildFile; fileRef = 7F847B3C26695589002EFB16 /* DoctorsModel.swift */; };
		7F847B402669559A002EFB16 /* DoctorsViewModel.swift in Sources */ = {isa = PBXBuildFile; fileRef = 7F847B3F2669559A002EFB16 /* DoctorsViewModel.swift */; };
		7F847B4626695926002EFB16 /* DataServices.swift in Sources */ = {isa = PBXBuildFile; fileRef = 7F847B4526695926002EFB16 /* DataServices.swift */; };
		7F847B4926695FAA002EFB16 /* DoctorViewDetails.swift in Sources */ = {isa = PBXBuildFile; fileRef = 7F847B4826695FAA002EFB16 /* DoctorViewDetails.swift */; };
/* End PBXBuildFile section */

/* Begin PBXFileReference section */
		7F3892EE266DEE470069B632 /* DoctorsTabView.swift */ = {isa = PBXFileReference; lastKnownFileType = sourcecode.swift; path = DoctorsTabView.swift; sourceTree = "<group>"; };
		7F847B2226695054002EFB16 /* DoctorsList.app */ = {isa = PBXFileReference; explicitFileType = wrapper.application; includeInIndex = 0; path = DoctorsList.app; sourceTree = BUILT_PRODUCTS_DIR; };
		7F847B2526695054002EFB16 /* DoctorsListApp.swift */ = {isa = PBXFileReference; lastKnownFileType = sourcecode.swift; path = DoctorsListApp.swift; sourceTree = "<group>"; };
		7F847B2726695054002EFB16 /* DoctorsView.swift */ = {isa = PBXFileReference; lastKnownFileType = sourcecode.swift; path = DoctorsView.swift; sourceTree = "<group>"; };
		7F847B292669505B002EFB16 /* Assets.xcassets */ = {isa = PBXFileReference; lastKnownFileType = folder.assetcatalog; path = Assets.xcassets; sourceTree = "<group>"; };
		7F847B2C2669505B002EFB16 /* Preview Assets.xcassets */ = {isa = PBXFileReference; lastKnownFileType = folder.assetcatalog; path = "Preview Assets.xcassets"; sourceTree = "<group>"; };
		7F847B2E2669505B002EFB16 /* Info.plist */ = {isa = PBXFileReference; lastKnownFileType = text.plist.xml; path = Info.plist; sourceTree = "<group>"; };
		7F847B392669510B002EFB16 /* doctors.json */ = {isa = PBXFileReference; fileEncoding = 4; lastKnownFileType = text.json; path = doctors.json; sourceTree = "<group>"; };
		7F847B3C26695589002EFB16 /* DoctorsModel.swift */ = {isa = PBXFileReference; lastKnownFileType = sourcecode.swift; path = DoctorsModel.swift; sourceTree = "<group>"; };
		7F847B3F2669559A002EFB16 /* DoctorsViewModel.swift */ = {isa = PBXFileReference; lastKnownFileType = sourcecode.swift; path = DoctorsViewModel.swift; sourceTree = "<group>"; };
		7F847B4526695926002EFB16 /* DataServices.swift */ = {isa = PBXFileReference; lastKnownFileType = sourcecode.swift; path = DataServices.swift; sourceTree = "<group>"; };
		7F847B4826695FAA002EFB16 /* DoctorViewDetails.swift */ = {isa = PBXFileReference; lastKnownFileType = sourcecode.swift; path = DoctorViewDetails.swift; sourceTree = "<group>"; };
/* End PBXFileReference section */

/* Begin PBXFrameworksBuildPhase section */
		7F847B1F26695054002EFB16 /* Frameworks */ = {
			isa = PBXFrameworksBuildPhase;
			buildActionMask = 2147483647;
			files = (
			);
			runOnlyForDeploymentPostprocessing = 0;
		};
/* End PBXFrameworksBuildPhase section */

/* Begin PBXGroup section */
		7F847B1926695053002EFB16 = {
			isa = PBXGroup;
			children = (
				7F847B2426695054002EFB16 /* DoctorsList */,
				7F847B2326695054002EFB16 /* Products */,
			);
			sourceTree = "<group>";
		};
		7F847B2326695054002EFB16 /* Products */ = {
			isa = PBXGroup;
			children = (
				7F847B2226695054002EFB16 /* DoctorsList.app */,
			);
			name = Products;
			sourceTree = "<group>";
		};
		7F847B2426695054002EFB16 /* DoctorsList */ = {
			isa = PBXGroup;
			children = (
				7F847B2526695054002EFB16 /* DoctorsListApp.swift */,
				7F847B38266950AC002EFB16 /* Views */,
				7F847B3726695097002EFB16 /* ViewModels */,
				7F847B3626695088002EFB16 /* Models */,
				7F847B352669507E002EFB16 /* Data */,
				7F847B4426695905002EFB16 /* Services */,
				7F847B292669505B002EFB16 /* Assets.xcassets */,
				7F847B2E2669505B002EFB16 /* Info.plist */,
				7F847B2B2669505B002EFB16 /* Preview Content */,
			);
			path = DoctorsList;
			sourceTree = "<group>";
		};
		7F847B2B2669505B002EFB16 /* Preview Content */ = {
			isa = PBXGroup;
			children = (
				7F847B2C2669505B002EFB16 /* Preview Assets.xcassets */,
			);
			path = "Preview Content";
			sourceTree = "<group>";
		};
		7F847B352669507E002EFB16 /* Data */ = {
			isa = PBXGroup;
			children = (
				7F847B392669510B002EFB16 /* doctors.json */,
			);
			path = Data;
			sourceTree = "<group>";
		};
		7F847B3626695088002EFB16 /* Models */ = {
			isa = PBXGroup;
			children = (
				7F847B3C26695589002EFB16 /* DoctorsModel.swift */,
			);
			path = Models;
			sourceTree = "<group>";
		};
		7F847B3726695097002EFB16 /* ViewModels */ = {
			isa = PBXGroup;
			children = (
				7F847B3F2669559A002EFB16 /* DoctorsViewModel.swift */,
			);
			path = ViewModels;
			sourceTree = "<group>";
		};
		7F847B38266950AC002EFB16 /* Views */ = {
			isa = PBXGroup;
			children = (
				7F3892EE266DEE470069B632 /* DoctorsTabView.swift */,
				7F847B2726695054002EFB16 /* DoctorsView.swift */,
				7F847B4826695FAA002EFB16 /* DoctorViewDetails.swift */,
			);
			path = Views;
			sourceTree = "<group>";
		};
		7F847B4426695905002EFB16 /* Services */ = {
			isa = PBXGroup;
			children = (
				7F847B4526695926002EFB16 /* DataServices.swift */,
			);
			path = Services;
			sourceTree = "<group>";
		};
/* End PBXGroup section */

/* Begin PBXNativeTarget section */
		7F847B2126695054002EFB16 /* DoctorsList */ = {
			isa = PBXNativeTarget;
			buildConfigurationList = 7F847B312669505B002EFB16 /* Build configuration list for PBXNativeTarget "DoctorsList" */;
			buildPhases = (
				7F847B1E26695054002EFB16 /* Sources */,
				7F847B1F26695054002EFB16 /* Frameworks */,
				7F847B2026695054002EFB16 /* Resources */,
			);
			buildRules = (
			);
			dependencies = (
			);
			name = DoctorsList;
			productName = DoctorsList;
			productReference = 7F847B2226695054002EFB16 /* DoctorsList.app */;
			productType = "com.apple.product-type.application";
		};
/* End PBXNativeTarget section */

/* Begin PBXProject section */
		7F847B1A26695053002EFB16 /* Project object */ = {
			isa = PBXProject;
			attributes = {
				LastSwiftUpdateCheck = 1230;
				LastUpgradeCheck = 1230;
				TargetAttributes = {
					7F847B2126695054002EFB16 = {
						CreatedOnToolsVersion = 12.3;
					};
				};
			};
			buildConfigurationList = 7F847B1D26695053002EFB16 /* Build configuration list for PBXProject "DoctorsList" */;
			compatibilityVersion = "Xcode 9.3";
			developmentRegion = en;
			hasScannedForEncodings = 0;
			knownRegions = (
				en,
				Base,
			);
			mainGroup = 7F847B1926695053002EFB16;
			productRefGroup = 7F847B2326695054002EFB16 /* Products */;
			projectDirPath = "";
			projectRoot = "";
			targets = (
				7F847B2126695054002EFB16 /* DoctorsList */,
			);
		};
/* End PBXProject section */

/* Begin PBXResourcesBuildPhase section */
		7F847B2026695054002EFB16 /* Resources */ = {
			isa = PBXResourcesBuildPhase;
			buildActionMask = 2147483647;
			files = (
				7F847B2D2669505B002EFB16 /* Preview Assets.xcassets in Resources */,
				7F847B3A2669510B002EFB16 /* doctors.json in Resources */,
				7F847B2A2669505B002EFB16 /* Assets.xcassets in Resources */,
			);
			runOnlyForDeploymentPostprocessing = 0;
		};
/* End PBXResourcesBuildPhase section */

/* Begin PBXSourcesBuildPhase section */
		7F847B1E26695054002EFB16 /* Sources */ = {
			isa = PBXSourcesBuildPhase;
			buildActionMask = 2147483647;
			files = (
				7F3892EF266DEE470069B632 /* DoctorsTabView.swift in Sources */,
				7F847B4926695FAA002EFB16 /* DoctorViewDetails.swift in Sources */,
				7F847B4626695926002EFB16 /* DataServices.swift in Sources */,
				7F847B3D26695589002EFB16 /* DoctorsModel.swift in Sources */,
				7F847B2826695054002EFB16 /* DoctorsView.swift in Sources */,
				7F847B2626695054002EFB16 /* DoctorsListApp.swift in Sources */,
				7F847B402669559A002EFB16 /* DoctorsViewModel.swift in Sources */,
			);
			runOnlyForDeploymentPostprocessing = 0;
		};
/* End PBXSourcesBuildPhase section */

/* Begin XCBuildConfiguration section */
		7F847B2F2669505B002EFB16 /* Debug */ = {
			isa = XCBuildConfiguration;
			buildSettings = {
				ALWAYS_SEARCH_USER_PATHS = NO;
				CLANG_ANALYZER_NONNULL = YES;
				CLANG_ANALYZER_NUMBER_OBJECT_CONVERSION = YES_AGGRESSIVE;
				CLANG_CXX_LANGUAGE_STANDARD = "gnu++14";
				CLANG_CXX_LIBRARY = "libc++";
				CLANG_ENABLE_MODULES = YES;
				CLANG_ENABLE_OBJC_ARC = YES;
				CLANG_ENABLE_OBJC_WEAK = YES;
				CLANG_WARN_BLOCK_CAPTURE_AUTORELEASING = YES;
				CLANG_WARN_BOOL_CONVERSION = YES;
				CLANG_WARN_COMMA = YES;
				CLANG_WARN_CONSTANT_CONVERSION = YES;
				CLANG_WARN_DEPRECATED_OBJC_IMPLEMENTATIONS = YES;
				CLANG_WARN_DIRECT_OBJC_ISA_USAGE = YES_ERROR;
				CLANG_WARN_DOCUMENTATION_COMMENTS = YES;
				CLANG_WARN_EMPTY_BODY = YES;
				CLANG_WARN_ENUM_CONVERSION = YES;
				CLANG_WARN_INFINITE_RECURSION = YES;
				CLANG_WARN_INT_CONVERSION = YES;
				CLANG_WARN_NON_LITERAL_NULL_CONVERSION = YES;
				CLANG_WARN_OBJC_IMPLICIT_RETAIN_SELF = YES;
				CLANG_WARN_OBJC_LITERAL_CONVERSION = YES;
				CLANG_WARN_OBJC_ROOT_CLASS = YES_ERROR;
				CLANG_WARN_QUOTED_INCLUDE_IN_FRAMEWORK_HEADER = YES;
				CLANG_WARN_RANGE_LOOP_ANALYSIS = YES;
				CLANG_WARN_STRICT_PROTOTYPES = YES;
				CLANG_WARN_SUSPICIOUS_MOVE = YES;
				CLANG_WARN_UNGUARDED_AVAILABILITY = YES_AGGRESSIVE;
				CLANG_WARN_UNREACHABLE_CODE = YES;
				CLANG_WARN__DUPLICATE_METHOD_MATCH = YES;
				COPY_PHASE_STRIP = NO;
				DEBUG_INFORMATION_FORMAT = dwarf;
				ENABLE_STRICT_OBJC_MSGSEND = YES;
				ENABLE_TESTABILITY = YES;
				GCC_C_LANGUAGE_STANDARD = gnu11;
				GCC_DYNAMIC_NO_PIC = NO;
				GCC_NO_COMMON_BLOCKS = YES;
				GCC_OPTIMIZATION_LEVEL = 0;
				GCC_PREPROCESSOR_DEFINITIONS = (
					"DEBUG=1",
					"$(inherited)",
				);
				GCC_WARN_64_TO_32_BIT_CONVERSION = YES;
				GCC_WARN_ABOUT_RETURN_TYPE = YES_ERROR;
				GCC_WARN_UNDECLARED_SELECTOR = YES;
				GCC_WARN_UNINITIALIZED_AUTOS = YES_AGGRESSIVE;
				GCC_WARN_UNUSED_FUNCTION = YES;
				GCC_WARN_UNUSED_VARIABLE = YES;
				IPHONEOS_DEPLOYMENT_TARGET = 14.3;
				MTL_ENABLE_DEBUG_INFO = INCLUDE_SOURCE;
				MTL_FAST_MATH = YES;
				ONLY_ACTIVE_ARCH = YES;
				SDKROOT = iphoneos;
				SWIFT_ACTIVE_COMPILATION_CONDITIONS = DEBUG;
				SWIFT_OPTIMIZATION_LEVEL = "-Onone";
			};
			name = Debug;
		};
		7F847B302669505B002EFB16 /* Release */ = {
			isa = XCBuildConfiguration;
			buildSettings = {
				ALWAYS_SEARCH_USER_PATHS = NO;
				CLANG_ANALYZER_NONNULL = YES;
				CLANG_ANALYZER_NUMBER_OBJECT_CONVERSION = YES_AGGRESSIVE;
				CLANG_CXX_LANGUAGE_STANDARD = "gnu++14";
				CLANG_CXX_LIBRARY = "libc++";
				CLANG_ENABLE_MODULES = YES;
				CLANG_ENABLE_OBJC_ARC = YES;
				CLANG_ENABLE_OBJC_WEAK = YES;
				CLANG_WARN_BLOCK_CAPTURE_AUTORELEASING = YES;
				CLANG_WARN_BOOL_CONVERSION = YES;
				CLANG_WARN_COMMA = YES;
				CLANG_WARN_CONSTANT_CONVERSION = YES;
				CLANG_WARN_DEPRECATED_OBJC_IMPLEMENTATIONS = YES;
				CLANG_WARN_DIRECT_OBJC_ISA_USAGE = YES_ERROR;
				CLANG_WARN_DOCUMENTATION_COMMENTS = YES;
				CLANG_WARN_EMPTY_BODY = YES;
				CLANG_WARN_ENUM_CONVERSION = YES;
				CLANG_WARN_INFINITE_RECURSION = YES;
				CLANG_WARN_INT_CONVERSION = YES;
				CLANG_WARN_NON_LITERAL_NULL_CONVERSION = YES;
				CLANG_WARN_OBJC_IMPLICIT_RETAIN_SELF = YES;
				CLANG_WARN_OBJC_LITERAL_CONVERSION = YES;
				CLANG_WARN_OBJC_ROOT_CLASS = YES_ERROR;
				CLANG_WARN_QUOTED_INCLUDE_IN_FRAMEWORK_HEADER = YES;
				CLANG_WARN_RANGE_LOOP_ANALYSIS = YES;
				CLANG_WARN_STRICT_PROTOTYPES = YES;
				CLANG_WARN_SUSPICIOUS_MOVE = YES;
				CLANG_WARN_UNGUARDED_AVAILABILITY = YES_AGGRESSIVE;
				CLANG_WARN_UNREACHABLE_CODE = YES;
				CLANG_WARN__DUPLICATE_METHOD_MATCH = YES;
				COPY_PHASE_STRIP = NO;
				DEBUG_INFORMATION_FORMAT = "dwarf-with-dsym";
				ENABLE_NS_ASSERTIONS = NO;
				ENABLE_STRICT_OBJC_MSGSEND = YES;
				GCC_C_LANGUAGE_STANDARD = gnu11;
				GCC_NO_COMMON_BLOCKS = YES;
				GCC_WARN_64_TO_32_BIT_CONVERSION = YES;
				GCC_WARN_ABOUT_RETURN_TYPE = YES_ERROR;
				GCC_WARN_UNDECLARED_SELECTOR = YES;
				GCC_WARN_UNINITIALIZED_AUTOS = YES_AGGRESSIVE;
				GCC_WARN_UNUSED_FUNCTION = YES;
				GCC_WARN_UNUSED_VARIABLE = YES;
				IPHONEOS_DEPLOYMENT_TARGET = 14.3;
				MTL_ENABLE_DEBUG_INFO = NO;
				MTL_FAST_MATH = YES;
				SDKROOT = iphoneos;
				SWIFT_COMPILATION_MODE = wholemodule;
				SWIFT_OPTIMIZATION_LEVEL = "-O";
				VALIDATE_PRODUCT = YES;
			};
			name = Release;
		};
		7F847B322669505B002EFB16 /* Debug */ = {
			isa = XCBuildConfiguration;
			buildSettings = {
				ASSETCATALOG_COMPILER_APPICON_NAME = AppIcon;
				ASSETCATALOG_COMPILER_GLOBAL_ACCENT_COLOR_NAME = AccentColor;
				CODE_SIGN_STYLE = Automatic;
				DEVELOPMENT_ASSET_PATHS = "\"DoctorsList/Preview Content\"";
				DEVELOPMENT_TEAM = KDR6DG2ZC7;
				ENABLE_PREVIEWS = YES;
				INFOPLIST_FILE = DoctorsList/Info.plist;
				IPHONEOS_DEPLOYMENT_TARGET = 14.0;
				LD_RUNPATH_SEARCH_PATHS = (
					"$(inherited)",
					"@executable_path/Frameworks",
				);
				PRODUCT_BUNDLE_IDENTIFIER = HBT.DoctorsList;
				PRODUCT_NAME = "$(TARGET_NAME)";
				SWIFT_VERSION = 5.0;
				TARGETED_DEVICE_FAMILY = "1,2";
			};
			name = Debug;
		};
		7F847B332669505B002EFB16 /* Release */ = {
			isa = XCBuildConfiguration;
			buildSettings = {
				ASSETCATALOG_COMPILER_APPICON_NAME = AppIcon;
				ASSETCATALOG_COMPILER_GLOBAL_ACCENT_COLOR_NAME = AccentColor;
				CODE_SIGN_STYLE = Automatic;
				DEVELOPMENT_ASSET_PATHS = "\"DoctorsList/Preview Content\"";
				DEVELOPMENT_TEAM = KDR6DG2ZC7;
				ENABLE_PREVIEWS = YES;
				INFOPLIST_FILE = DoctorsList/Info.plist;
				IPHONEOS_DEPLOYMENT_TARGET = 14.0;
				LD_RUNPATH_SEARCH_PATHS = (
					"$(inherited)",
					"@executable_path/Frameworks",
				);
				PRODUCT_BUNDLE_IDENTIFIER = HBT.DoctorsList;
				PRODUCT_NAME = "$(TARGET_NAME)";
				SWIFT_VERSION = 5.0;
				TARGETED_DEVICE_FAMILY = "1,2";
			};
			name = Release;
		};
/* End XCBuildConfiguration section */

/* Begin XCConfigurationList section */
		7F847B1D26695053002EFB16 /* Build configuration list for PBXProject "DoctorsList" */ = {
			isa = XCConfigurationList;
			buildConfigurations = (
				7F847B2F2669505B002EFB16 /* Debug */,
				7F847B302669505B002EFB16 /* Release */,
			);
			defaultConfigurationIsVisible = 0;
			defaultConfigurationName = Release;
		};
		7F847B312669505B002EFB16 /* Build configuration list for PBXNativeTarget "DoctorsList" */ = {
			isa = XCConfigurationList;
			buildConfigurations = (
				7F847B322669505B002EFB16 /* Debug */,
				7F847B332669505B002EFB16 /* Release */,
			);
			defaultConfigurationIsVisible = 0;
			defaultConfigurationName = Release;
		};
/* End XCConfigurationList section */
	};
	rootObject = 7F847B1A26695053002EFB16 /* Project object */;
}
